{
  "name": "omnia",
  "lockfileVersion": 3,
  "requires": true,
  "packages": {
    "": {
      "dependencies": {
        "onborda": "^1.2.5",
        "react": "^19.1.0",
        "react-dom": "^19.1.0",
        "react-journey": "^1.1.7"
      }
    },
    "node_modules/onborda": {
      "version": "1.2.5",
      "resolved": "https://registry.npmjs.org/onborda/-/onborda-1.2.5.tgz",
      "integrity": "sha512-S9EtQpKr8oYz7j0Bmr0w7BdG4Q4ud6QuNxBsSShzcf9khhuLEEjkbhYYMmdMlVa56QK/rXW/9pc8JJvBXUhOeA==",
      "license": "MIT",
      "peerDependencies": {
        "@radix-ui/react-portal": ">=1.1.1",
        "framer-motion": ">=11",
        "next": ">=13",
        "react": ">=18",
        "react-dom": ">=18"
      }
    },
    "node_modules/react": {
      "version": "19.1.0",
      "resolved": "https://registry.npmjs.org/react/-/react-19.1.0.tgz",
      "integrity": "sha512-FS+XFBNvn3GTAWq26joslQgWNoFu08F4kl0J4CgdNKADkdSGXQyTCnKteIAJy96Br6YbpEU1LSzV5dYtjMkMDg==",
      "license": "MIT",
      "engines": {
        "node": ">=0.10.0"
      }
    },
    "node_modules/react-dom": {
      "version": "19.1.0",
      "resolved": "https://registry.npmjs.org/react-dom/-/react-dom-19.1.0.tgz",
      "integrity": "sha512-Xs1hdnE+DyKgeHJeJznQmYMIBG3TKIHJJT95Q58nHLSrElKlGQqDTR2HQ9fx5CN/Gk6Vh/kupBTDLU11/nDk/g==",
      "license": "MIT",
      "dependencies": {
        "scheduler": "^0.26.0"
      },
      "peerDependencies": {
        "react": "^19.1.0"
      }
    },
    "node_modules/react-journey": {
      "version": "1.1.7",
      "resolved": "https://registry.npmjs.org/react-journey/-/react-journey-1.1.7.tgz",
      "integrity": "sha512-vUwB5ziC/CDud6L3rPBJ5RHmqBti3lN1gm6MeIDyC+oo38IZzijQzTHzxuvcK6HRe0JDgfVj6punYV9h37XOwQ==",
      "license": "MIT",
      "peerDependencies": {
        "react": "^16.9.0",
        "react-dom": "^16.9.0"
      }
    },
    "node_modules/scheduler": {
      "version": "0.26.0",
      "resolved": "https://registry.npmjs.org/scheduler/-/scheduler-0.26.0.tgz",
      "integrity": "sha512-NlHwttCI/l5gCPR3D1nNXtWABUmBwvZpEQiD4IXSbIDq8BzLIK/7Ir5gTFSGZDUu37K5cMNp0hFtzO38sC7gWA==",
      "license": "MIT"
    }
  }
}
